
Microsoft Visual Studio Solution File, Format Version 12.00
# Visual Studio Version 16
VisualStudioVersion = 16.0.34601.136
MinimumVisualStudioVersion = 10.0.40219.1
Project("{FAE04EC0-301F-11D3-BF4B-00C04F79EFBC}") = "CajeroATM", "CajeroATM.csproj", "{2300D5D5-6F31-479B-870B-A3EDA5C642CD}"
EndProject
Global
	GlobalSection(SolutionConfigurationPlatforms) = preSolution
		Debug|Any CPU = Debug|Any CPU
		Release|Any CPU = Release|Any CPU
	EndGlobalSection
	GlobalSection(ProjectConfigurationPlatforms) = postSolution
		{2300D5D5-6F31-479B-870B-A3EDA5C642CD}.Debug|Any CPU.ActiveCfg = Debug|Any CPU
		{2300D5D5-6F31-479B-870B-A3EDA5C642CD}.Debug|Any CPU.Build.0 = Debug|Any CPU
		{2300D5D5-6F31-479B-870B-A3EDA5C642CD}.Release|Any CPU.ActiveCfg = Release|Any CPU
		{2300D5D5-6F31-479B-870B-A3EDA5C642CD}.Release|Any CPU.Build.0 = Release|Any CPU
	EndGlobalSection
	GlobalSection(SolutionProperties) = preSolution
		HideSolutionNode = FALSE
	EndGlobalSection
	GlobalSection(ExtensibilityGlobals) = postSolution
		SolutionGuid = {725B3189-502B-4209-9672-BDEE803AF0EB}
	EndGlobalSection
EndGlobal
